
Microsoft Visual Studio Solution File, Format Version 12.00
# Visual Studio Version 16
VisualStudioVersion = 16.0.30717.126
MinimumVisualStudioVersion = 10.0.40219.1
Project("{FAE04EC0-301F-11D3-BF4B-00C04F79EFBC}") = "Assignment-4", "Assignment-4\Assignment-4.csproj", "{022901A7-50D0-46C0-AF7B-69D7FCFEA350}"
EndProject
Project("{FAE04EC0-301F-11D3-BF4B-00C04F79EFBC}") = "JuggedAssign", "JuggedAssign\JuggedAssign.csproj", "{793E0D67-63D6-4767-9784-3FBC4DA9D506}"
EndProject
Project("{FAE04EC0-301F-11D3-BF4B-00C04F79EFBC}") = "StructAssignment", "StructAssignment\StructAssignment.csproj", "{C4A9E93F-A9B9-4D40-BA45-65C0C704E1EE}"
EndProject
Global
	GlobalSection(SolutionConfigurationPlatforms) = preSolution
		Debug|Any CPU = Debug|Any CPU
		Release|Any CPU = Release|Any CPU
	EndGlobalSection
	GlobalSection(ProjectConfigurationPlatforms) = postSolution
		{022901A7-50D0-46C0-AF7B-69D7FCFEA350}.Debug|Any CPU.ActiveCfg = Debug|Any CPU
		{022901A7-50D0-46C0-AF7B-69D7FCFEA350}.Debug|Any CPU.Build.0 = Debug|Any CPU
		{022901A7-50D0-46C0-AF7B-69D7FCFEA350}.Release|Any CPU.ActiveCfg = Release|Any CPU
		{022901A7-50D0-46C0-AF7B-69D7FCFEA350}.Release|Any CPU.Build.0 = Release|Any CPU
		{793E0D67-63D6-4767-9784-3FBC4DA9D506}.Debug|Any CPU.ActiveCfg = Debug|Any CPU
		{793E0D67-63D6-4767-9784-3FBC4DA9D506}.Debug|Any CPU.Build.0 = Debug|Any CPU
		{793E0D67-63D6-4767-9784-3FBC4DA9D506}.Release|Any CPU.ActiveCfg = Release|Any CPU
		{793E0D67-63D6-4767-9784-3FBC4DA9D506}.Release|Any CPU.Build.0 = Release|Any CPU
		{C4A9E93F-A9B9-4D40-BA45-65C0C704E1EE}.Debug|Any CPU.ActiveCfg = Debug|Any CPU
		{C4A9E93F-A9B9-4D40-BA45-65C0C704E1EE}.Debug|Any CPU.Build.0 = Debug|Any CPU
		{C4A9E93F-A9B9-4D40-BA45-65C0C704E1EE}.Release|Any CPU.ActiveCfg = Release|Any CPU
		{C4A9E93F-A9B9-4D40-BA45-65C0C704E1EE}.Release|Any CPU.Build.0 = Release|Any CPU
	EndGlobalSection
	GlobalSection(SolutionProperties) = preSolution
		HideSolutionNode = FALSE
	EndGlobalSection
	GlobalSection(ExtensibilityGlobals) = postSolution
		SolutionGuid = {0879CAE2-F949-4963-84A2-1807419188E0}
	EndGlobalSection
EndGlobal
